
Microsoft Visual Studio Solution File, Format Version 12.00
# Visual Studio 15
VisualStudioVersion = 15.0.27428.2043
MinimumVisualStudioVersion = 10.0.40219.1
Project("{FAE04EC0-301F-11D3-BF4B-00C04F79EFBC}") = "BenABurgessWebApp", "BenABurgessWebApp\BenABurgessWebApp.csproj", "{0C49CACF-F106-4EDA-B881-EF4AA44A9A4D}"
EndProject
Project("{FAE04EC0-301F-11D3-BF4B-00C04F79EFBC}") = "BenABurgessWebApp.Tests", "BenABurgessWebApp.Tests\BenABurgessWebApp.Tests.csproj", "{A988B041-C029-465A-A78D-FC4DDE4C413E}"
EndProject
Project("{FAE04EC0-301F-11D3-BF4B-00C04F79EFBC}") = "OpenWeather", "..\..\OpenWeather\OpenWeather\OpenWeather.csproj", "{20BB9D2C-8016-4A45-BCD7-51826333CB78}"
EndProject
Global
	GlobalSection(SolutionConfigurationPlatforms) = preSolution
		Debug|Any CPU = Debug|Any CPU
		Release|Any CPU = Release|Any CPU
	EndGlobalSection
	GlobalSection(ProjectConfigurationPlatforms) = postSolution
		{0C49CACF-F106-4EDA-B881-EF4AA44A9A4D}.Debug|Any CPU.ActiveCfg = Debug|Any CPU
		{0C49CACF-F106-4EDA-B881-EF4AA44A9A4D}.Debug|Any CPU.Build.0 = Debug|Any CPU
		{0C49CACF-F106-4EDA-B881-EF4AA44A9A4D}.Release|Any CPU.ActiveCfg = Release|Any CPU
		{0C49CACF-F106-4EDA-B881-EF4AA44A9A4D}.Release|Any CPU.Build.0 = Release|Any CPU
		{A988B041-C029-465A-A78D-FC4DDE4C413E}.Debug|Any CPU.ActiveCfg = Debug|Any CPU
		{A988B041-C029-465A-A78D-FC4DDE4C413E}.Debug|Any CPU.Build.0 = Debug|Any CPU
		{A988B041-C029-465A-A78D-FC4DDE4C413E}.Release|Any CPU.ActiveCfg = Release|Any CPU
		{A988B041-C029-465A-A78D-FC4DDE4C413E}.Release|Any CPU.Build.0 = Release|Any CPU
		{20BB9D2C-8016-4A45-BCD7-51826333CB78}.Debug|Any CPU.ActiveCfg = Debug|Any CPU
		{20BB9D2C-8016-4A45-BCD7-51826333CB78}.Debug|Any CPU.Build.0 = Debug|Any CPU
		{20BB9D2C-8016-4A45-BCD7-51826333CB78}.Release|Any CPU.ActiveCfg = Release|Any CPU
		{20BB9D2C-8016-4A45-BCD7-51826333CB78}.Release|Any CPU.Build.0 = Release|Any CPU
	EndGlobalSection
	GlobalSection(SolutionProperties) = preSolution
		HideSolutionNode = FALSE
	EndGlobalSection
	GlobalSection(ExtensibilityGlobals) = postSolution
		SolutionGuid = {6BB7924F-EC74-466B-B2B7-8685AA42194F}
	EndGlobalSection
EndGlobal
